Microsoft Visual Studio Solution File, Format Version 12.00
# Visual Studio Version 16
VisualStudioVersion = 16.0.29009.5
MinimumVisualStudioVersion = 10.0.40219.1
Project("{9A19103F-16F7-4668-BE54-9A1E7A4F7556}") = "MHWMasterDataUtils", "MHWMasterDataUtils\MHWMasterDataUtils.csproj", "{0DABAFF9-2846-4A2E-AAA9-D9EDD50B5D57}"
EndProject
Project("{9A19103F-16F7-4668-BE54-9A1E7A4F7556}") = "MHWMasterDataUtils.Tester", "MHWMasterDataUtils.Tester\MHWMasterDataUtils.Tester.csproj", "{424CEF1F-B132-4D5B-A85C-E668933D8DD5}"
EndProject
Project("{2150E333-8FDC-42A3-9474-1A3956D46DE8}") = "Solution Items", "Solution Items", "{88C1C6E1-E0E9-49EC-8274-7ABA83BEDE98}"
	ProjectSection(SolutionItems) = preProject
		.editorconfig = .editorconfig
	EndProjectSection
EndProject
Project("{FAE04EC0-301F-11D3-BF4B-00C04F79EFBC}") = "MHWMasterDataUtils.Core", "MHWMasterDataUtils.Core\MHWMasterDataUtils.Core.csproj", "{FCBDF719-F310-422C-8437-9BA9067DC16B}"
EndProject
Global
	GlobalSection(SolutionConfigurationPlatforms) = preSolution
		Debug|Any CPU = Debug|Any CPU
		Release|Any CPU = Release|Any CPU
	EndGlobalSection
	GlobalSection(ProjectConfigurationPlatforms) = postSolution
		{0DABAFF9-2846-4A2E-AAA9-D9EDD50B5D57}.Debug|Any CPU.ActiveCfg = Debug|Any CPU
		{0DABAFF9-2846-4A2E-AAA9-D9EDD50B5D57}.Debug|Any CPU.Build.0 = Debug|Any CPU
		{0DABAFF9-2846-4A2E-AAA9-D9EDD50B5D57}.Release|Any CPU.ActiveCfg = Release|Any CPU
		{0DABAFF9-2846-4A2E-AAA9-D9EDD50B5D57}.Release|Any CPU.Build.0 = Release|Any CPU
		{424CEF1F-B132-4D5B-A85C-E668933D8DD5}.Debug|Any CPU.ActiveCfg = Debug|Any CPU
		{424CEF1F-B132-4D5B-A85C-E668933D8DD5}.Debug|Any CPU.Build.0 = Debug|Any CPU
		{424CEF1F-B132-4D5B-A85C-E668933D8DD5}.Release|Any CPU.ActiveCfg = Release|Any CPU
		{424CEF1F-B132-4D5B-A85C-E668933D8DD5}.Release|Any CPU.Build.0 = Release|Any CPU
		{FCBDF719-F310-422C-8437-9BA9067DC16B}.Debug|Any CPU.ActiveCfg = Debug|Any CPU
		{FCBDF719-F310-422C-8437-9BA9067DC16B}.Debug|Any CPU.Build.0 = Debug|Any CPU
		{FCBDF719-F310-422C-8437-9BA9067DC16B}.Release|Any CPU.ActiveCfg = Release|Any CPU
		{FCBDF719-F310-422C-8437-9BA9067DC16B}.Release|Any CPU.Build.0 = Release|Any CPU
	EndGlobalSection
	GlobalSection(SolutionProperties) = preSolution
		HideSolutionNode = FALSE
	EndGlobalSection
	GlobalSection(ExtensibilityGlobals) = postSolution
		SolutionGuid = {95416B62-23EF-4FCF-94E6-851DE8A92E1A}
	EndGlobalSection
EndGlobal
